
Microsoft Visual Studio Solution File, Format Version 11.00
# Visual Studio 2010
Project("{FAE04EC0-301F-11D3-BF4B-00C04F79EFBC}") = "Edument.CQRS", "Edument.CQRS\Edument.CQRS.csproj", "{D2BAB57D-225D-4F4C-9410-ED39495A8FE0}"
EndProject
Project("{FAE04EC0-301F-11D3-BF4B-00C04F79EFBC}") = "Events", "Events\Events.csproj", "{B195F4C7-41EF-403C-AA05-0018B9DF25F8}"
EndProject
Project("{FAE04EC0-301F-11D3-BF4B-00C04F79EFBC}") = "YourDomain", "YourDomain\YourDomain.csproj", "{42FE290D-7A80-451B-AC4F-A7B34B3B3D3B}"
EndProject
Project("{FAE04EC0-301F-11D3-BF4B-00C04F79EFBC}") = "YourDomainTests", "YourDomainTests\YourDomainTests.csproj", "{4306B621-323B-4574-BFBF-2D002491AE1E}"
EndProject
Global
	GlobalSection(SolutionConfigurationPlatforms) = preSolution
		Debug|Any CPU = Debug|Any CPU
		Release|Any CPU = Release|Any CPU
	EndGlobalSection
	GlobalSection(ProjectConfigurationPlatforms) = postSolution
		{D2BAB57D-225D-4F4C-9410-ED39495A8FE0}.Debug|Any CPU.ActiveCfg = Debug|Any CPU
		{D2BAB57D-225D-4F4C-9410-ED39495A8FE0}.Debug|Any CPU.Build.0 = Debug|Any CPU
		{D2BAB57D-225D-4F4C-9410-ED39495A8FE0}.Release|Any CPU.ActiveCfg = Release|Any CPU
		{D2BAB57D-225D-4F4C-9410-ED39495A8FE0}.Release|Any CPU.Build.0 = Release|Any CPU
		{B195F4C7-41EF-403C-AA05-0018B9DF25F8}.Debug|Any CPU.ActiveCfg = Debug|Any CPU
		{B195F4C7-41EF-403C-AA05-0018B9DF25F8}.Debug|Any CPU.Build.0 = Debug|Any CPU
		{B195F4C7-41EF-403C-AA05-0018B9DF25F8}.Release|Any CPU.ActiveCfg = Release|Any CPU
		{B195F4C7-41EF-403C-AA05-0018B9DF25F8}.Release|Any CPU.Build.0 = Release|Any CPU
		{42FE290D-7A80-451B-AC4F-A7B34B3B3D3B}.Debug|Any CPU.ActiveCfg = Debug|Any CPU
		{42FE290D-7A80-451B-AC4F-A7B34B3B3D3B}.Debug|Any CPU.Build.0 = Debug|Any CPU
		{42FE290D-7A80-451B-AC4F-A7B34B3B3D3B}.Release|Any CPU.ActiveCfg = Release|Any CPU
		{42FE290D-7A80-451B-AC4F-A7B34B3B3D3B}.Release|Any CPU.Build.0 = Release|Any CPU
		{4306B621-323B-4574-BFBF-2D002491AE1E}.Debug|Any CPU.ActiveCfg = Debug|Any CPU
		{4306B621-323B-4574-BFBF-2D002491AE1E}.Debug|Any CPU.Build.0 = Debug|Any CPU
		{4306B621-323B-4574-BFBF-2D002491AE1E}.Release|Any CPU.ActiveCfg = Release|Any CPU
		{4306B621-323B-4574-BFBF-2D002491AE1E}.Release|Any CPU.Build.0 = Release|Any CPU
	EndGlobalSection
	GlobalSection(SolutionProperties) = preSolution
		HideSolutionNode = FALSE
	EndGlobalSection
EndGlobal
